<?xml version="1.0" encoding="utf-8"?>
<Project ToolsVersion="4.0" xmlns="http://schemas.microsoft.com/developer/msbuild/2003">
  <ItemGroup>
    <Filter Include="Source Files">
      <UniqueIdentifier>{4FC737F1-C7A5-4376-A066-2A32D752A2FF}</UniqueIdentifier>
      <Extensions>cpp;c;cc;cxx;def;odl;idl;hpj;bat;asm;asmx</Extensions>
    </Filter>
    <Filter Include="Header Files">
      <UniqueIdentifier>{93995380-89BD-4b04-88EB-625FBE52EBFB}</UniqueIdentifier>
      <Extensions>h;hpp;hxx;hm;inl;inc;xsd</Extensions>
    </Filter>
    <Filter Include="Resource Files">
      <UniqueIdentifier>{67DA6AB6-F800-4c08-8B7A-83BB121AAD01}</UniqueIdentifier>
      <Extensions>rc;ico;cur;bmp;dlg;rc2;rct;bin;rgs;gif;jpg;jpeg;jpe;resx;tiff;tif;png;wav</Extensions>
    </Filter>
    <Filter Include="Generated Files">
      <UniqueIdentifier>{86771466-4c85-4ad8-bf87-a155eb00c1fc}</UniqueIdentifier>
      <SourceControlFiles>False</SourceControlFiles>
    </Filter>
  </ItemGroup>
  <ItemGroup>
    <ClCompile Include="..\_Shared\ApiHooker.cpp">
      <Filter>Source Files</Filter>
    </ClCompile>
    <ClCompile Include="AutoKillFilter.cpp">
      <Filter>Source Files</Filter>
    </ClCompile>
    <ClCompile Include="AutoPickupFilter.cpp">
      <Filter>Source Files</Filter>
    </ClCompile>
    <ClCompile Include="AutosayFilter.cpp">
      <Filter>Source Files</Filter>
    </ClCompile>
    <ClCompile Include="AutosayParser.cpp">
      <Filter>Source Files</Filter>
    </ClCompile>
    <ClCompile Include="..\_Shared\base64.cpp">
      <Filter>Source Files</Filter>
    </ClCompile>
    <ClCompile Include="CharInfoFilter.cpp">
      <Filter>Source Files</Filter>
    </ClCompile>
    <ClCompile Include="CommandHandler.cpp">
      <Filter>Source Files</Filter>
    </ClCompile>
    <ClCompile Include="CommandInterface.cpp">
      <Filter>Source Files</Filter>
    </ClCompile>
    <ClCompile Include="..\_Shared\CommonPackets.cpp">
      <Filter>Source Files</Filter>
    </ClCompile>
    <ClCompile Include="..\_Shared\Disasm.cpp">
      <Filter>Source Files</Filter>
    </ClCompile>
    <ClCompile Include="..\_Shared\Dsasm_Functions.cpp">
      <Filter>Source Files</Filter>
    </ClCompile>
    <ClCompile Include="..\_Shared\EncDec.cpp">
      <Filter>Source Files</Filter>
    </ClCompile>
    <ClCompile Include="FastMoveFilter.cpp">
      <Filter>Source Files</Filter>
    </ClCompile>
    <ClCompile Include="..\_Shared\FileTransfer.cpp">
      <Filter>Source Files</Filter>
    </ClCompile>
    <ClCompile Include="GameCommands.cpp">
      <Filter>Source Files</Filter>
    </ClCompile>
    <ClCompile Include="GameProxy.cpp">
      <Filter>Source Files</Filter>
    </ClCompile>
    <ClCompile Include="..\_Shared\HandshakeGenerator.cpp">
      <Filter>Source Files</Filter>
    </ClCompile>
    <ClCompile Include="InventoryManagerFilter.cpp">
      <Filter>Source Files</Filter>
    </ClCompile>
    <ClCompile Include="LordOfMUdll.cpp">
      <Filter>Source Files</Filter>
    </ClCompile>
    <ClCompile Include="..\_Shared\MD5.cpp">
      <Filter>Source Files</Filter>
    </ClCompile>
    <ClCompile Include="MultihitPacketFilter.cpp">
      <Filter>Source Files</Filter>
    </ClCompile>
    <ClCompile Include="..\_Shared\Packet.cpp">
      <Filter>Source Files</Filter>
    </ClCompile>
    <ClCompile Include="PacketDecryptFilter.cpp">
      <Filter>Source Files</Filter>
    </ClCompile>
    <ClCompile Include="PacketEncryptFilter.cpp">
      <Filter>Source Files</Filter>
    </ClCompile>
    <ClCompile Include="PacketFilter.cpp">
      <Filter>Source Files</Filter>
    </ClCompile>
    <ClCompile Include="PacketLogger.cpp">
      <Filter>Source Files</Filter>
    </ClCompile>
    <ClCompile Include="..\_Shared\PacketParser.cpp">
      <Filter>Source Files</Filter>
    </ClCompile>
    <ClCompile Include="PacketQueue.cpp">
      <Filter>Source Files</Filter>
    </ClCompile>
    <ClCompile Include="..\_Shared\PacketType.cpp">
      <Filter>Source Files</Filter>
    </ClCompile>
    <ClCompile Include="PassThroughProxy.cpp">
      <Filter>Source Files</Filter>
    </ClCompile>
    <ClCompile Include="Proxifier.cpp">
      <Filter>Source Files</Filter>
    </ClCompile>
    <ClCompile Include="ProxyBuilder.cpp">
      <Filter>Source Files</Filter>
    </ClCompile>
    <ClCompile Include="ProxyConnection.cpp">
      <Filter>Source Files</Filter>
    </ClCompile>
    <ClCompile Include="ProxyEndpoint.cpp">
      <Filter>Source Files</Filter>
    </ClCompile>
    <ClCompile Include="RecordRoutePacketFilter.cpp">
      <Filter>Source Files</Filter>
    </ClCompile>
    <ClCompile Include="ReflectPacketFilter.cpp">
      <Filter>Source Files</Filter>
    </ClCompile>
    <ClCompile Include="ScriptCommands.cpp">
      <Filter>Source Files</Filter>
    </ClCompile>
    <ClCompile Include="ScriptParser.cpp">
      <Filter>Source Files</Filter>
    </ClCompile>
    <ClCompile Include="ScriptProcessorFilter.cpp">
      <Filter>Source Files</Filter>
    </ClCompile>
    <ClCompile Include="stdafx.cpp">
      <Filter>Source Files</Filter>
    </ClCompile>
  </ItemGroup>
  <ItemGroup>
    <None Include="LordOfMUdll.def">
      <Filter>Source Files</Filter>
    </None>
    <None Include="version.rc2">
      <Filter>Resource Files</Filter>
    </None>
  </ItemGroup>
  <ItemGroup>
    <ClInclude Include="..\_Shared\ApiHooker.h">
      <Filter>Header Files</Filter>
    </ClInclude>
    <ClInclude Include="AutoKillFilter.h">
      <Filter>Header Files</Filter>
    </ClInclude>
    <ClInclude Include="AutoPickupFilter.h">
      <Filter>Header Files</Filter>
    </ClInclude>
    <ClInclude Include="AutosayFilter.h">
      <Filter>Header Files</Filter>
    </ClInclude>
    <ClInclude Include="AutosayParser.h">
      <Filter>Header Files</Filter>
    </ClInclude>
    <ClInclude Include="..\_Shared\base64.h">
      <Filter>Header Files</Filter>
    </ClInclude>
    <ClInclude Include="..\_Shared\BufferUtil.h">
      <Filter>Header Files</Filter>
    </ClInclude>
    <ClInclude Include="CharInfoFilter.h">
      <Filter>Header Files</Filter>
    </ClInclude>
    <ClInclude Include="CommandHandler.h">
      <Filter>Header Files</Filter>
    </ClInclude>
    <ClInclude Include="CommandInterface.h">
      <Filter>Header Files</Filter>
    </ClInclude>
    <ClInclude Include="..\_Shared\CommonPackets.h">
      <Filter>Header Files</Filter>
    </ClInclude>
    <ClInclude Include="..\_Shared\CommonPacketsMacros.h">
      <Filter>Header Files</Filter>
    </ClInclude>
    <ClInclude Include="..\_Shared\DebugOut.h">
      <Filter>Header Files</Filter>
    </ClInclude>
    <ClInclude Include="..\_Shared\Disasm.h">
      <Filter>Header Files</Filter>
    </ClInclude>
    <ClInclude Include="..\_Shared\EncDec.h">
      <Filter>Header Files</Filter>
    </ClInclude>
    <ClInclude Include="FastMoveFilter.h">
      <Filter>Header Files</Filter>
    </ClInclude>
    <ClInclude Include="..\_Shared\FileChecksum.h">
      <Filter>Header Files</Filter>
    </ClInclude>
    <ClInclude Include="..\_Shared\FileTransfer.h">
      <Filter>Header Files</Filter>
    </ClInclude>
    <ClInclude Include="FilterContext.h">
      <Filter>Header Files</Filter>
    </ClInclude>
    <ClInclude Include="GameCommands.h">
      <Filter>Header Files</Filter>
    </ClInclude>
    <ClInclude Include="GameProxy.h">
      <Filter>Header Files</Filter>
    </ClInclude>
    <ClInclude Include="..\_Shared\HandshakeGenerator.h">
      <Filter>Header Files</Filter>
    </ClInclude>
    <ClInclude Include="InventoryManagerFilter.h">
      <Filter>Header Files</Filter>
    </ClInclude>
    <ClInclude Include="..\_Shared\KillUtil.h">
      <Filter>Header Files</Filter>
    </ClInclude>
    <ClInclude Include="..\_Shared\MD5.h">
      <Filter>Header Files</Filter>
    </ClInclude>
    <ClInclude Include="MultihitPacketFilter.h">
      <Filter>Header Files</Filter>
    </ClInclude>
    <ClInclude Include="..\_Shared\Packet.h">
      <Filter>Header Files</Filter>
    </ClInclude>
    <ClInclude Include="PacketDecryptFilter.h">
      <Filter>Header Files</Filter>
    </ClInclude>
    <ClInclude Include="PacketEncryptFilter.h">
      <Filter>Header Files</Filter>
    </ClInclude>
    <ClInclude Include="PacketFilter.h">
      <Filter>Header Files</Filter>
    </ClInclude>
    <ClInclude Include="PacketLogger.h">
      <Filter>Header Files</Filter>
    </ClInclude>
    <ClInclude Include="..\_Shared\PacketParser.h">
      <Filter>Header Files</Filter>
    </ClInclude>
    <ClInclude Include="PacketQueue.h">
      <Filter>Header Files</Filter>
    </ClInclude>
    <ClInclude Include="..\_Shared\PacketType.h">
      <Filter>Header Files</Filter>
    </ClInclude>
    <ClInclude Include="PassThroughProxy.h">
      <Filter>Header Files</Filter>
    </ClInclude>
    <ClInclude Include="Proxifier.h">
      <Filter>Header Files</Filter>
    </ClInclude>
    <ClInclude Include="Proxy.h">
      <Filter>Header Files</Filter>
    </ClInclude>
    <ClInclude Include="ProxyBuilder.h">
      <Filter>Header Files</Filter>
    </ClInclude>
    <ClInclude Include="ProxyConnection.h">
      <Filter>Header Files</Filter>
    </ClInclude>
    <ClInclude Include="ProxyEndpoint.h">
      <Filter>Header Files</Filter>
    </ClInclude>
    <ClInclude Include="RecordRoutePacketFilter.h">
      <Filter>Header Files</Filter>
    </ClInclude>
    <ClInclude Include="ReflectPacketFilter.h">
      <Filter>Header Files</Filter>
    </ClInclude>
    <ClInclude Include="Resource.h">
      <Filter>Header Files</Filter>
    </ClInclude>
    <ClInclude Include="ScriptCommands.h">
      <Filter>Header Files</Filter>
    </ClInclude>
    <ClInclude Include="ScriptParser.h">
      <Filter>Header Files</Filter>
    </ClInclude>
    <ClInclude Include="ScriptProcessorFilter.h">
      <Filter>Header Files</Filter>
    </ClInclude>
    <ClInclude Include="stdafx.h">
      <Filter>Header Files</Filter>
    </ClInclude>
    <ClInclude Include="..\_Shared\version.h">
      <Filter>Header Files</Filter>
    </ClInclude>
  </ItemGroup>
  <ItemGroup>
    <ResourceCompile Include="LordOfMUdll.rc">
      <Filter>Resource Files</Filter>
    </ResourceCompile>
  </ItemGroup>
</Project>