<?xml version="1.0" encoding="utf-8"?>
<Project ToolsVersion="4.0" xmlns="http://schemas.microsoft.com/developer/msbuild/2003">
  <ItemGroup>
    <Filter Include="Source Files">
      <UniqueIdentifier>{4FC737F1-C7A5-4376-A066-2A32D752A2FF}</UniqueIdentifier>
      <Extensions>cpp;c;cc;cxx;def;odl;idl;hpj;bat;asm;asmx</Extensions>
    </Filter>
    <Filter Include="Header Files">
      <UniqueIdentifier>{93995380-89BD-4b04-88EB-625FBE52EBFB}</UniqueIdentifier>
      <Extensions>h;hpp;hxx;hm;inl;inc;xsd</Extensions>
    </Filter>
    <Filter Include="Resource Files">
      <UniqueIdentifier>{67DA6AB6-F800-4c08-8B7A-83BB121AAD01}</UniqueIdentifier>
      <Extensions>rc;ico;cur;bmp;dlg;rc2;rct;bin;rgs;gif;jpg;jpeg;jpe;resx;tiff;tif;png;wav</Extensions>
    </Filter>
    <Filter Include="Generated Files">
      <UniqueIdentifier>{88505068-a57d-4c90-8ecd-7a67a6997a78}</UniqueIdentifier>
      <SourceControlFiles>False</SourceControlFiles>
    </Filter>
  </ItemGroup>
  <ItemGroup>
    <ClCompile Include="AdvSettingsDialog.cpp">
      <Filter>Source Files</Filter>
    </ClCompile>
    <ClCompile Include="..\_Shared\ApiHooker.cpp">
      <Filter>Source Files</Filter>
    </ClCompile>
    <ClCompile Include="AutoClicker.cpp">
      <Filter>Source Files</Filter>
    </ClCompile>
    <ClCompile Include="ClickerJob.cpp">
      <Filter>Source Files</Filter>
    </ClCompile>
    <ClCompile Include="..\_Shared\Disasm.cpp">
      <Filter>Source Files</Filter>
    </ClCompile>
    <ClCompile Include="..\_Shared\Dsasm_Functions.cpp">
      <Filter>Source Files</Filter>
    </ClCompile>
    <ClCompile Include="MuWindow.cpp">
      <Filter>Source Files</Filter>
    </ClCompile>
    <ClCompile Include="MuTheme.cpp">
      <Filter>Source Files</Filter>
    </ClCompile>
    <ClCompile Include="UnifiedSettingsDlg.cpp">
      <Filter>Source Files</Filter>
    </ClCompile>
    <ClCompile Include="SettingsDlg.cpp">
      <Filter>Source Files</Filter>
    </ClCompile>
    <ClCompile Include="stdafx.cpp">
      <Filter>Source Files</Filter>
    </ClCompile>
  </ItemGroup>
  <ItemGroup>
    <ClInclude Include="AdvSettingsDialog.h">
      <Filter>Header Files</Filter>
    </ClInclude>
    <ClInclude Include="AElfClickerJob.h">
      <Filter>Header Files</Filter>
    </ClInclude>
    <ClInclude Include="AElfSettings.h">
      <Filter>Header Files</Filter>
    </ClInclude>
    <ClInclude Include="..\_Shared\ApiHooker.h">
      <Filter>Header Files</Filter>
    </ClInclude>
    <ClInclude Include="AsyncKeyQueue.h">
      <Filter>Header Files</Filter>
    </ClInclude>
    <ClInclude Include="AutoClicker.h">
      <Filter>Header Files</Filter>
    </ClInclude>
    <ClInclude Include="BKClickerJob.h">
      <Filter>Header Files</Filter>
    </ClInclude>
    <ClInclude Include="BKSettings.h">
      <Filter>Header Files</Filter>
    </ClInclude>
    <ClInclude Include="..\_Shared\BufferUtil.h">
      <Filter>Header Files</Filter>
    </ClInclude>
    <ClInclude Include="ClickerJob.h">
      <Filter>Header Files</Filter>
    </ClInclude>
    <ClInclude Include="ClickerJobFactory.h">
      <Filter>Header Files</Filter>
    </ClInclude>
    <ClInclude Include="..\_Shared\CommonPackets.h">
      <Filter>Header Files</Filter>
    </ClInclude>
    <ClInclude Include="..\_Shared\CommonPacketsMacros.h">
      <Filter>Header Files</Filter>
    </ClInclude>
    <ClInclude Include="DarkLordClickerJob.h">
      <Filter>Header Files</Filter>
    </ClInclude>
    <ClInclude Include="DarkLordSettings.h">
      <Filter>Header Files</Filter>
    </ClInclude>
    <ClInclude Include="..\_Shared\DebugOut.h">
      <Filter>Header Files</Filter>
    </ClInclude>
    <ClInclude Include="..\_Shared\Disasm.h">
      <Filter>Header Files</Filter>
    </ClInclude>
    <ClInclude Include="EElfClickerJob.h">
      <Filter>Header Files</Filter>
    </ClInclude>
    <ClInclude Include="EElfSettings.h">
      <Filter>Header Files</Filter>
    </ClInclude>
    <ClInclude Include="HUDParams.h">
      <Filter>Header Files</Filter>
    </ClInclude>
    <ClInclude Include="KeySender.h">
      <Filter>Header Files</Filter>
    </ClInclude>
    <ClInclude Include="LaunchMuDialog.h">
      <Filter>Header Files</Filter>
    </ClInclude>
    <ClInclude Include="MGClickerJob.h">
      <Filter>Header Files</Filter>
    </ClInclude>
    <ClInclude Include="MGSettings.h">
      <Filter>Header Files</Filter>
    </ClInclude>
    <ClInclude Include="MuWindow.h">
      <Filter>Header Files</Filter>
    </ClInclude>
    <ClInclude Include="MuTheme.h">
      <Filter>Header Files</Filter>
    </ClInclude>
    <ClInclude Include="UnifiedSettingsDlg.h">
      <Filter>Header Files</Filter>
    </ClInclude>
    <ClInclude Include="..\_Shared\MuWindowUtil.h">
      <Filter>Header Files</Filter>
    </ClInclude>
    <ClInclude Include="..\_Shared\PEUtil.h">
      <Filter>Header Files</Filter>
    </ClInclude>
    <ClInclude Include="Resource.h">
      <Filter>Header Files</Filter>
    </ClInclude>
    <ClInclude Include="Settings.h">
      <Filter>Header Files</Filter>
    </ClInclude>
    <ClInclude Include="SettingsDlg.h">
      <Filter>Header Files</Filter>
    </ClInclude>
    <ClInclude Include="SimpleClickerJob.h">
      <Filter>Header Files</Filter>
    </ClInclude>
    <ClInclude Include="SMClickerJob.h">
      <Filter>Header Files</Filter>
    </ClInclude>
    <ClInclude Include="SMSettings.h">
      <Filter>Header Files</Filter>
    </ClInclude>
    <ClInclude Include="stdafx.h">
      <Filter>Header Files</Filter>
    </ClInclude>
    <ClInclude Include="..\_Shared\version.h">
      <Filter>Header Files</Filter>
    </ClInclude>
  </ItemGroup>
  <ItemGroup>
    <ResourceCompile Include="AutoClicker.rc">
      <Filter>Resource Files</Filter>
    </ResourceCompile>
  </ItemGroup>
  <ItemGroup>
    <None Include="version.rc2">
      <Filter>Resource Files</Filter>
    </None>
  </ItemGroup>
  <ItemGroup>
    <Image Include="res\bg_panel.bmp">
      <Filter>Resource Files</Filter>
    </Image>
    <Image Include="res\frame_tl.bmp">
      <Filter>Resource Files</Filter>
    </Image>
    <Image Include="res\frame_tr.bmp">
      <Filter>Resource Files</Filter>
    </Image>
    <Image Include="res\frame_bl.bmp">
      <Filter>Resource Files</Filter>
    </Image>
    <Image Include="res\frame_br.bmp">
      <Filter>Resource Files</Filter>
    </Image>
    <Image Include="res\frame_top.bmp">
      <Filter>Resource Files</Filter>
    </Image>
    <Image Include="res\frame_bottom.bmp">
      <Filter>Resource Files</Filter>
    </Image>
    <Image Include="res\frame_left.bmp">
      <Filter>Resource Files</Filter>
    </Image>
    <Image Include="res\frame_right.bmp">
      <Filter>Resource Files</Filter>
    </Image>
    <Image Include="res\btn_normal.bmp">
      <Filter>Resource Files</Filter>
    </Image>
    <Image Include="res\btn_hover.bmp">
      <Filter>Resource Files</Filter>
    </Image>
    <Image Include="res\btn_pressed.bmp">
      <Filter>Resource Files</Filter>
    </Image>
    <Image Include="res\tab_active.bmp">
      <Filter>Resource Files</Filter>
    </Image>
    <Image Include="res\tab_inactive.bmp">
      <Filter>Resource Files</Filter>
    </Image>
    <Image Include="res\chk_unchecked.bmp">
      <Filter>Resource Files</Filter>
    </Image>
    <Image Include="res\chk_checked.bmp">
      <Filter>Resource Files</Filter>
    </Image>
    <Image Include="res\chk_unchecked_dis.bmp">
      <Filter>Resource Files</Filter>
    </Image>
    <Image Include="res\chk_checked_dis.bmp">
      <Filter>Resource Files</Filter>
    </Image>
    <Image Include="res\titlebar.bmp">
      <Filter>Resource Files</Filter>
    </Image>
    <Image Include="res\ico_sword.bmp">
      <Filter>Resource Files</Filter>
    </Image>
    <Image Include="res\ico_helm.bmp">
      <Filter>Resource Files</Filter>
    </Image>
    <Image Include="res\ico_jewel.bmp">
      <Filter>Resource Files</Filter>
    </Image>
  </ItemGroup>
</Project>